version: 6
environments:
  default:
    channels:
    - url: https://conda.anaconda.org/conda-forge/
    indexes:
    - https://pypi.org/simple
    packages:
      linux-64:
      - conda: https://conda.anaconda.org/conda-forge/linux-64/_libgcc_mutex-0.1-conda_forge.tar.bz2
      - conda: https://conda.anaconda.org/conda-forge/linux-64/_openmp_mutex-4.5-2_gnu.tar.bz2
      - conda: https://conda.anaconda.org/conda-forge/linux-64/bison-3.8.2-h59595ed_0.conda
      - conda: https://conda.anaconda.org/conda-forge/linux-64/bzip2-1.0.8-hda65f42_8.conda
      - conda: https://conda.anaconda.org/conda-forge/noarch/ca-certificates-2025.10.5-hbd8a1cb_0.conda
      - conda: https://conda.anaconda.org/conda-forge/linux-64/flex-2.6.4-h58526e2_1004.tar.bz2
      - conda: https://conda.anaconda.org/conda-forge/linux-64/ld_impl_linux-64-2.44-h1aa0949_4.conda
      - conda: https://conda.anaconda.org/conda-forge/linux-64/libexpat-2.7.1-hecca717_0.conda
      - conda: https://conda.anaconda.org/conda-forge/linux-64/libffi-3.5.2-h9ec8514_0.conda
      - conda: https://conda.anaconda.org/conda-forge/linux-64/libgcc-15.2.0-h767d61c_7.conda
      - conda: https://conda.anaconda.org/conda-forge/linux-64/libgcc-ng-15.2.0-h69a702a_7.conda
      - conda: https://conda.anaconda.org/conda-forge/linux-64/libgomp-15.2.0-h767d61c_7.conda
      - conda: https://conda.anaconda.org/conda-forge/linux-64/liblzma-5.8.1-hb9d3cd8_2.conda
      - conda: https://conda.anaconda.org/conda-forge/linux-64/libnsl-2.0.1-hb9d3cd8_1.conda
      - conda: https://conda.anaconda.org/conda-forge/linux-64/libsqlite-3.50.4-h0c1763c_0.conda
      - conda: https://conda.anaconda.org/conda-forge/linux-64/libstdcxx-15.2.0-h8f9b012_7.conda
      - conda: https://conda.anaconda.org/conda-forge/linux-64/libstdcxx-ng-15.2.0-h4852527_7.conda
      - conda: https://conda.anaconda.org/conda-forge/linux-64/libuuid-2.41.2-he9a06e4_0.conda
      - conda: https://conda.anaconda.org/conda-forge/linux-64/libxcrypt-4.4.36-hd590300_1.conda
      - conda: https://conda.anaconda.org/conda-forge/linux-64/libzlib-1.3.1-hb9d3cd8_2.conda
      - conda: https://conda.anaconda.org/conda-forge/linux-64/m4-1.4.20-hb9d3cd8_0.conda
      - conda: https://conda.anaconda.org/conda-forge/linux-64/ncurses-6.5-h2d0b736_3.conda
      - conda: https://conda.anaconda.org/conda-forge/linux-64/openssl-3.5.4-h26f9b46_0.conda
      - conda: https://conda.anaconda.org/conda-forge/linux-64/python-3.11.14-hd63d673_2_cpython.conda
      - conda: https://conda.anaconda.org/conda-forge/linux-64/readline-8.2-h8c095d6_2.conda
      - conda: https://conda.anaconda.org/conda-forge/linux-64/tk-8.6.13-noxft_hd72426e_102.conda
      - conda: https://conda.anaconda.org/conda-forge/noarch/tzdata-2025b-h78e105d_0.conda
      - conda: https://conda.anaconda.org/conda-forge/linux-64/zstd-1.5.7-hb8e6e7a_2.conda
      - pypi: https://files.pythonhosted.org/packages/e4/37/af0d2ef3967ac0d6113837b44a4f0bfe1328c2b9763bd5b1744520e5cfed/certifi-2025.10.5-py3-none-any.whl
      - pypi: https://files.pythonhosted.org/packages/6d/fc/de9cce525b2c5b94b47c70a4b4fb19f871b24995c728e957ee68ab1671ea/charset_normalizer-3.4.4-cp311-cp311-manylinux2014_x86_64.manylinux_2_17_x86_64.manylinux_2_28_x86_64.whl
      - pypi: https://files.pythonhosted.org/packages/40/b8/7a3f1f33b35cc4a6c37e759137533119560d06c0cc14753d1a803be0cd4a/coverage-7.11.0-cp311-cp311-manylinux1_x86_64.manylinux_2_28_x86_64.manylinux_2_5_x86_64.whl
      - pypi: https://files.pythonhosted.org/packages/e3/26/57c6fb270950d476074c087527a558ccb6f4436657314bfb6cdf484114c4/docker-7.1.0-py3-none-any.whl
      - pypi: https://files.pythonhosted.org/packages/0e/61/66938bbb5fc52dbdf84594873d5b51fb1f7c7794e9c0f5bd885f30bc507b/idna-3.11-py3-none-any.whl
      - pypi: https://files.pythonhosted.org/packages/cb/b1/3846dd7f199d53cb17f49cba7e651e9ce294d8497c8c150530ed11865bb8/iniconfig-2.3.0-py3-none-any.whl
      - pypi: https://files.pythonhosted.org/packages/20/12/38679034af332785aac8774540895e234f4d07f7545804097de4b666afd8/packaging-25.0-py3-none-any.whl
      - pypi: https://files.pythonhosted.org/packages/54/20/4d324d65cc6d9205fabedc306948156824eb9f0ee1633355a8f7ec5c66bf/pluggy-1.6.0-py3-none-any.whl
      - pypi: https://files.pythonhosted.org/packages/c7/21/705964c7812476f378728bdf590ca4b771ec72385c533964653c68e86bdc/pygments-2.19.2-py3-none-any.whl
      - pypi: https://files.pythonhosted.org/packages/a8/a4/20da314d277121d6534b3a980b29035dcd51e6744bd79075a6ce8fa4eb8d/pytest-8.4.2-py3-none-any.whl
      - pypi: https://files.pythonhosted.org/packages/ee/49/1377b49de7d0c1ce41292161ea0f721913fa8722c19fb9c1e3aa0367eecb/pytest_cov-7.0.0-py3-none-any.whl
      - pypi: https://files.pythonhosted.org/packages/d4/69/31c82567719b34d8f6b41077732589104883771d182a9f4ff3e71430999a/python_utils-3.9.1-py2.py3-none-any.whl
      - pypi: https://files.pythonhosted.org/packages/1e/db/4254e3eabe8020b458f1a747140d32277ec7a271daf1d235b70dc0b4e6e3/requests-2.32.5-py3-none-any.whl
      - pypi: https://files.pythonhosted.org/packages/18/67/36e9267722cc04a6b9f15c7f3441c2363321a3ea07da7ae0c0707beb2a9c/typing_extensions-4.15.0-py3-none-any.whl
      - pypi: https://files.pythonhosted.org/packages/a7/c2/fe1e52489ae3122415c51f387e221dd0773709bad6c6cdaa599e8a2c5185/urllib3-2.5.0-py3-none-any.whl
      - pypi: ./
packages:
- conda: https://conda.anaconda.org/conda-forge/linux-64/_libgcc_mutex-0.1-conda_forge.tar.bz2
  sha256: fe51de6107f9edc7aa4f786a70f4a883943bc9d39b3bb7307c04c41410990726
  md5: d7c89558ba9fa0495403155b64376d81
  license: None
  purls: []
  size: 2562
  timestamp: 1578324546067
- conda: https://conda.anaconda.org/conda-forge/linux-64/_openmp_mutex-4.5-2_gnu.tar.bz2
  build_number: 16
  sha256: fbe2c5e56a653bebb982eda4876a9178aedfc2b545f25d0ce9c4c0b508253d22
  md5: 73aaf86a425cc6e73fcf236a5a46396d
  depends:
  - _libgcc_mutex 0.1 conda_forge
  - libgomp >=7.5.0
  constrains:
  - openmp_impl 9999
  license: BSD-3-Clause
  license_family: BSD
  purls: []
  size: 23621
  timestamp: 1650670423406
- conda: https://conda.anaconda.org/conda-forge/linux-64/bison-3.8.2-h59595ed_0.conda
  sha256: d45803ee7834f71eb0656d74a58644390ef13365ff67f7716cc660309e46cfbd
  md5: ac931227dce83e3303cfe3e606e87fa8
  depends:
  - flex
  - libgcc-ng >=12
  - libstdcxx-ng >=12
  license: GPL-3.0-or-later
  license_family: GPL3
  purls: []
  size: 772965
  timestamp: 1683849377301
- conda: https://conda.anaconda.org/conda-forge/linux-64/bzip2-1.0.8-hda65f42_8.conda
  sha256: c30daba32ddebbb7ded490f0e371eae90f51e72db620554089103b4a6934b0d5
  md5: 51a19bba1b8ebfb60df25cde030b7ebc
  depends:
  - __glibc >=2.17,<3.0.a0
  - libgcc >=14
  license: bzip2-1.0.6
  license_family: BSD
  purls: []
  size: 260341
  timestamp: 1757437258798
- conda: https://conda.anaconda.org/conda-forge/noarch/ca-certificates-2025.10.5-hbd8a1cb_0.conda
  sha256: 3b5ad78b8bb61b6cdc0978a6a99f8dfb2cc789a451378d054698441005ecbdb6
  md5: f9e5fbc24009179e8b0409624691758a
  depends:
  - __unix
  license: ISC
  purls: []
  size: 155907
  timestamp: 1759649036195
- pypi: https://files.pythonhosted.org/packages/e4/37/af0d2ef3967ac0d6113837b44a4f0bfe1328c2b9763bd5b1744520e5cfed/certifi-2025.10.5-py3-none-any.whl
  name: certifi
  version: 2025.10.5
  sha256: 0f212c2744a9bb6de0c56639a6f68afe01ecd92d91f14ae897c4fe7bbeeef0de
  requires_python: '>=3.7'
- pypi: https://files.pythonhosted.org/packages/6d/fc/de9cce525b2c5b94b47c70a4b4fb19f871b24995c728e957ee68ab1671ea/charset_normalizer-3.4.4-cp311-cp311-manylinux2014_x86_64.manylinux_2_17_x86_64.manylinux_2_28_x86_64.whl
  name: charset-normalizer
  version: 3.4.4
  sha256: 840c25fb618a231545cbab0564a799f101b63b9901f2569faecd6b222ac72381
  requires_python: '>=3.7'
- pypi: https://files.pythonhosted.org/packages/40/b8/7a3f1f33b35cc4a6c37e759137533119560d06c0cc14753d1a803be0cd4a/coverage-7.11.0-cp311-cp311-manylinux1_x86_64.manylinux_2_28_x86_64.manylinux_2_5_x86_64.whl
  name: coverage
  version: 7.11.0
  sha256: aef1747ede4bd8ca9cfc04cc3011516500c6891f1b33a94add3253f6f876b7b7
  requires_dist:
  - tomli ; python_full_version <= '3.11' and extra == 'toml'
  requires_python: '>=3.10'
- pypi: https://files.pythonhosted.org/packages/e3/26/57c6fb270950d476074c087527a558ccb6f4436657314bfb6cdf484114c4/docker-7.1.0-py3-none-any.whl
  name: docker
  version: 7.1.0
  sha256: c96b93b7f0a746f9e77d325bcfb87422a3d8bd4f03136ae8a85b37f1898d5fc0
  requires_dist:
  - pywin32>=304 ; sys_platform == 'win32'
  - requests>=2.26.0
  - urllib3>=1.26.0
  - coverage==7.2.7 ; extra == 'dev'
  - pytest-cov==4.1.0 ; extra == 'dev'
  - pytest-timeout==2.1.0 ; extra == 'dev'
  - pytest==7.4.2 ; extra == 'dev'
  - ruff==0.1.8 ; extra == 'dev'
  - myst-parser==0.18.0 ; extra == 'docs'
  - sphinx==5.1.1 ; extra == 'docs'
  - paramiko>=2.4.3 ; extra == 'ssh'
  - websocket-client>=1.3.0 ; extra == 'websockets'
  requires_python: '>=3.8'
- conda: https://conda.anaconda.org/conda-forge/linux-64/flex-2.6.4-h58526e2_1004.tar.bz2
  sha256: 5a6dba5af1127e859eefd68e77b7af062b42f85401efbb43a970da977ba3e344
  md5: b1029ec81c7e0969e84a8179d039a9ce
  depends:
  - libgcc-ng >=7.5.0
  - libstdcxx-ng >=7.5.0
  - m4
  license: BSD 2-Clause
  license_family: BSD
  purls: []
  size: 338043
  timestamp: 1605270841228
- pypi: https://files.pythonhosted.org/packages/0e/61/66938bbb5fc52dbdf84594873d5b51fb1f7c7794e9c0f5bd885f30bc507b/idna-3.11-py3-none-any.whl
  name: idna
  version: '3.11'
  sha256: 771a87f49d9defaf64091e6e6fe9c18d4833f140bd19464795bc32d966ca37ea
  requires_dist:
  - ruff>=0.6.2 ; extra == 'all'
  - mypy>=1.11.2 ; extra == 'all'
  - pytest>=8.3.2 ; extra == 'all'
  - flake8>=7.1.1 ; extra == 'all'
  requires_python: '>=3.8'
- pypi: https://files.pythonhosted.org/packages/cb/b1/3846dd7f199d53cb17f49cba7e651e9ce294d8497c8c150530ed11865bb8/iniconfig-2.3.0-py3-none-any.whl
  name: iniconfig
  version: 2.3.0
  sha256: f631c04d2c48c52b84d0d0549c99ff3859c98df65b3101406327ecc7d53fbf12
  requires_python: '>=3.10'
- conda: https://conda.anaconda.org/conda-forge/linux-64/ld_impl_linux-64-2.44-h1aa0949_4.conda
  sha256: 96b6900ca0489d9e5d0318a6b49f8eff43fd85fef6e07cb0c25344ee94cd7a3a
  md5: c94ab6ff54ba5172cf1c58267005670f
  depends:
  - __glibc >=2.17,<3.0.a0
  - zstd >=1.5.7,<1.6.0a0
  constrains:
  - binutils_impl_linux-64 2.44
  license: GPL-3.0-only
  license_family: GPL
  purls: []
  size: 742501
  timestamp: 1761335175964
- conda: https://conda.anaconda.org/conda-forge/linux-64/libexpat-2.7.1-hecca717_0.conda
  sha256: da2080da8f0288b95dd86765c801c6e166c4619b910b11f9a8446fb852438dc2
  md5: 4211416ecba1866fab0c6470986c22d6
  depends:
  - __glibc >=2.17,<3.0.a0
  - libgcc >=14
  constrains:
  - expat 2.7.1.*
  license: MIT
  license_family: MIT
  purls: []
  size: 74811
  timestamp: 1752719572741
- conda: https://conda.anaconda.org/conda-forge/linux-64/libffi-3.5.2-h9ec8514_0.conda
  sha256: 25cbdfa65580cfab1b8d15ee90b4c9f1e0d72128f1661449c9a999d341377d54
  md5: 35f29eec58405aaf55e01cb470d8c26a
  depends:
  - __glibc >=2.17,<3.0.a0
  - libgcc >=14
  license: MIT
  license_family: MIT
  purls: []
  size: 57821
  timestamp: 1760295480630
- conda: https://conda.anaconda.org/conda-forge/linux-64/libgcc-15.2.0-h767d61c_7.conda
  sha256: 08f9b87578ab981c7713e4e6a7d935e40766e10691732bba376d4964562bcb45
  md5: c0374badb3a5d4b1372db28d19462c53
  depends:
  - __glibc >=2.17,<3.0.a0
  - _openmp_mutex >=4.5
  constrains:
  - libgomp 15.2.0 h767d61c_7
  - libgcc-ng ==15.2.0=*_7
  license: GPL-3.0-only WITH GCC-exception-3.1
  license_family: GPL
  purls: []
  size: 822552
  timestamp: 1759968052178
- conda: https://conda.anaconda.org/conda-forge/linux-64/libgcc-ng-15.2.0-h69a702a_7.conda
  sha256: 2045066dd8e6e58aaf5ae2b722fb6dfdbb57c862b5f34ac7bfb58c40ef39b6ad
  md5: 280ea6eee9e2ddefde25ff799c4f0363
  depends:
  - libgcc 15.2.0 h767d61c_7
  license: GPL-3.0-only WITH GCC-exception-3.1
  license_family: GPL
  purls: []
  size: 29313
  timestamp: 1759968065504
- conda: https://conda.anaconda.org/conda-forge/linux-64/libgomp-15.2.0-h767d61c_7.conda
  sha256: e9fb1c258c8e66ee278397b5822692527c5f5786d372fe7a869b900853f3f5ca
  md5: f7b4d76975aac7e5d9e6ad13845f92fe
  depends:
  - __glibc >=2.17,<3.0.a0
  license: GPL-3.0-only WITH GCC-exception-3.1
  license_family: GPL
  purls: []
  size: 447919
  timestamp: 1759967942498
- conda: https://conda.anaconda.org/conda-forge/linux-64/liblzma-5.8.1-hb9d3cd8_2.conda
  sha256: f2591c0069447bbe28d4d696b7fcb0c5bd0b4ac582769b89addbcf26fb3430d8
  md5: 1a580f7796c7bf6393fddb8bbbde58dc
  depends:
  - __glibc >=2.17,<3.0.a0
  - libgcc >=13
  constrains:
  - xz 5.8.1.*
  license: 0BSD
  purls: []
  size: 112894
  timestamp: 1749230047870
- conda: https://conda.anaconda.org/conda-forge/linux-64/libnsl-2.0.1-hb9d3cd8_1.conda
  sha256: 927fe72b054277cde6cb82597d0fcf6baf127dcbce2e0a9d8925a68f1265eef5
  md5: d864d34357c3b65a4b731f78c0801dc4
  depends:
  - __glibc >=2.17,<3.0.a0
  - libgcc >=13
  license: LGPL-2.1-only
  license_family: GPL
  purls: []
  size: 33731
  timestamp: 1750274110928
- conda: https://conda.anaconda.org/conda-forge/linux-64/libsqlite-3.50.4-h0c1763c_0.conda
  sha256: 6d9c32fc369af5a84875725f7ddfbfc2ace795c28f246dc70055a79f9b2003da
  md5: 0b367fad34931cb79e0d6b7e5c06bb1c
  depends:
  - __glibc >=2.17,<3.0.a0
  - libgcc >=14
  - libzlib >=1.3.1,<2.0a0
  license: blessing
  purls: []
  size: 932581
  timestamp: 1753948484112
- conda: https://conda.anaconda.org/conda-forge/linux-64/libstdcxx-15.2.0-h8f9b012_7.conda
  sha256: 1b981647d9775e1cdeb2fab0a4dd9cd75a6b0de2963f6c3953dbd712f78334b3
  md5: 5b767048b1b3ee9a954b06f4084f93dc
  depends:
  - __glibc >=2.17,<3.0.a0
  - libgcc 15.2.0 h767d61c_7
  constrains:
  - libstdcxx-ng ==15.2.0=*_7
  license: GPL-3.0-only WITH GCC-exception-3.1
  license_family: GPL
  purls: []
  size: 3898269
  timestamp: 1759968103436
- conda: https://conda.anaconda.org/conda-forge/linux-64/libstdcxx-ng-15.2.0-h4852527_7.conda
  sha256: 024fd46ac3ea8032a5ec3ea7b91c4c235701a8bf0e6520fe5e6539992a6bd05f
  md5: f627678cf829bd70bccf141a19c3ad3e
  depends:
  - libstdcxx 15.2.0 h8f9b012_7
  license: GPL-3.0-only WITH GCC-exception-3.1
  license_family: GPL
  purls: []
  size: 29343
  timestamp: 1759968157195
- conda: https://conda.anaconda.org/conda-forge/linux-64/libuuid-2.41.2-he9a06e4_0.conda
  sha256: e5ec6d2ad7eef538ddcb9ea62ad4346fde70a4736342c4ad87bd713641eb9808
  md5: 80c07c68d2f6870250959dcc95b209d1
  depends:
  - __glibc >=2.17,<3.0.a0
  - libgcc >=14
  license: BSD-3-Clause
  license_family: BSD
  purls: []
  size: 37135
  timestamp: 1758626800002
- conda: https://conda.anaconda.org/conda-forge/linux-64/libxcrypt-4.4.36-hd590300_1.conda
  sha256: 6ae68e0b86423ef188196fff6207ed0c8195dd84273cb5623b85aa08033a410c
  md5: 5aa797f8787fe7a17d1b0821485b5adc
  depends:
  - libgcc-ng >=12
  license: LGPL-2.1-or-later
  purls: []
  size: 100393
  timestamp: 1702724383534
- conda: https://conda.anaconda.org/conda-forge/linux-64/libzlib-1.3.1-hb9d3cd8_2.conda
  sha256: d4bfe88d7cb447768e31650f06257995601f89076080e76df55e3112d4e47dc4
  md5: edb0dca6bc32e4f4789199455a1dbeb8
  depends:
  - __glibc >=2.17,<3.0.a0
  - libgcc >=13
  constrains:
  - zlib 1.3.1 *_2
  license: Zlib
  license_family: Other
  purls: []
  size: 60963
  timestamp: 1727963148474
- conda: https://conda.anaconda.org/conda-forge/linux-64/m4-1.4.20-hb9d3cd8_0.conda
  sha256: c3d51ea1f8a52a92d49e57fa94c6bd434de2f18f80ebecbc0c47254110d92e51
  md5: d6798f502ec48cf0d626ad5a5d722a89
  depends:
  - __glibc >=2.17,<3.0.a0
  - libgcc >=13
  license: GPL-3.0-or-later
  license_family: GPL
  purls: []
  size: 286245
  timestamp: 1747307567001
- conda: https://conda.anaconda.org/conda-forge/linux-64/ncurses-6.5-h2d0b736_3.conda
  sha256: 3fde293232fa3fca98635e1167de6b7c7fda83caf24b9d6c91ec9eefb4f4d586
  md5: 47e340acb35de30501a76c7c799c41d7
  depends:
  - __glibc >=2.17,<3.0.a0
  - libgcc >=13
  license: X11 AND BSD-3-Clause
  purls: []
  size: 891641
  timestamp: 1738195959188
- conda: https://conda.anaconda.org/conda-forge/linux-64/openssl-3.5.4-h26f9b46_0.conda
  sha256: e807f3bad09bdf4075dbb4168619e14b0c0360bacb2e12ef18641a834c8c5549
  md5: 14edad12b59ccbfa3910d42c72adc2a0
  depends:
  - __glibc >=2.17,<3.0.a0
  - ca-certificates
  - libgcc >=14
  license: Apache-2.0
  license_family: Apache
  purls: []
  size: 3119624
  timestamp: 1759324353651
- pypi: https://files.pythonhosted.org/packages/20/12/38679034af332785aac8774540895e234f4d07f7545804097de4b666afd8/packaging-25.0-py3-none-any.whl
  name: packaging
  version: '25.0'
  sha256: 29572ef2b1f17581046b3a2227d5c611fb25ec70ca1ba8554b24b0e69331a484
  requires_python: '>=3.8'
- pypi: ./
  name: pddl-utils
  version: 0.1.0
  sha256: 30330002b1f8cb77f4fcc3130fc061e98fd3a24338cfd2d88f1ef9690691d3d8
  requires_dist:
  - python-utils
  - pytest>=6.0 ; extra == 'test'
  - pytest-cov ; extra == 'test'
  - docker ; extra == 'docker'
  editable: true
- pypi: https://files.pythonhosted.org/packages/54/20/4d324d65cc6d9205fabedc306948156824eb9f0ee1633355a8f7ec5c66bf/pluggy-1.6.0-py3-none-any.whl
  name: pluggy
  version: 1.6.0
  sha256: e920276dd6813095e9377c0bc5566d94c932c33b27a3e3945d8389c374dd4746
  requires_dist:
  - pre-commit ; extra == 'dev'
  - tox ; extra == 'dev'
  - pytest ; extra == 'testing'
  - pytest-benchmark ; extra == 'testing'
  - coverage ; extra == 'testing'
  requires_python: '>=3.9'
- pypi: https://files.pythonhosted.org/packages/c7/21/705964c7812476f378728bdf590ca4b771ec72385c533964653c68e86bdc/pygments-2.19.2-py3-none-any.whl
  name: pygments
  version: 2.19.2
  sha256: 86540386c03d588bb81d44bc3928634ff26449851e99741617ecb9037ee5ec0b
  requires_dist:
  - colorama>=0.4.6 ; extra == 'windows-terminal'
  requires_python: '>=3.8'
- pypi: https://files.pythonhosted.org/packages/a8/a4/20da314d277121d6534b3a980b29035dcd51e6744bd79075a6ce8fa4eb8d/pytest-8.4.2-py3-none-any.whl
  name: pytest
  version: 8.4.2
  sha256: 872f880de3fc3a5bdc88a11b39c9710c3497a547cfa9320bc3c5e62fbf272e79
  requires_dist:
  - colorama>=0.4 ; sys_platform == 'win32'
  - exceptiongroup>=1 ; python_full_version < '3.11'
  - iniconfig>=1
  - packaging>=20
  - pluggy>=1.5,<2
  - pygments>=2.7.2
  - tomli>=1 ; python_full_version < '3.11'
  - argcomplete ; extra == 'dev'
  - attrs>=19.2 ; extra == 'dev'
  - hypothesis>=3.56 ; extra == 'dev'
  - mock ; extra == 'dev'
  - requests ; extra == 'dev'
  - setuptools ; extra == 'dev'
  - xmlschema ; extra == 'dev'
  requires_python: '>=3.9'
- pypi: https://files.pythonhosted.org/packages/ee/49/1377b49de7d0c1ce41292161ea0f721913fa8722c19fb9c1e3aa0367eecb/pytest_cov-7.0.0-py3-none-any.whl
  name: pytest-cov
  version: 7.0.0
  sha256: 3b8e9558b16cc1479da72058bdecf8073661c7f57f7d3c5f22a1c23507f2d861
  requires_dist:
  - coverage[toml]>=7.10.6
  - pluggy>=1.2
  - pytest>=7
  - process-tests ; extra == 'testing'
  - pytest-xdist ; extra == 'testing'
  - virtualenv ; extra == 'testing'
  requires_python: '>=3.9'
- conda: https://conda.anaconda.org/conda-forge/linux-64/python-3.11.14-hd63d673_2_cpython.conda
  build_number: 2
  sha256: 5b872f7747891e50e990a96d2b235236a5c66cc9f8c9dcb7149aee674ea8145a
  md5: c4202a55b4486314fbb8c11bc43a29a0
  depends:
  - __glibc >=2.17,<3.0.a0
  - bzip2 >=1.0.8,<2.0a0
  - ld_impl_linux-64 >=2.36.1
  - libexpat >=2.7.1,<3.0a0
  - libffi >=3.5.2,<3.6.0a0
  - libgcc >=14
  - liblzma >=5.8.1,<6.0a0
  - libnsl >=2.0.1,<2.1.0a0
  - libsqlite >=3.50.4,<4.0a0
  - libuuid >=2.41.2,<3.0a0
  - libxcrypt >=4.4.36
  - libzlib >=1.3.1,<2.0a0
  - ncurses >=6.5,<7.0a0
  - openssl >=3.5.4,<4.0a0
  - readline >=8.2,<9.0a0
  - tk >=8.6.13,<8.7.0a0
  - tzdata
  constrains:
  - python_abi 3.11.* *_cp311
  license: Python-2.0
  purls: []
  size: 30874708
  timestamp: 1761174520369
- pypi: https://files.pythonhosted.org/packages/d4/69/31c82567719b34d8f6b41077732589104883771d182a9f4ff3e71430999a/python_utils-3.9.1-py2.py3-none-any.whl
  name: python-utils
  version: 3.9.1
  sha256: 0273d7363c7ad4b70999b2791d5ba6b55333d6f7a4e4c8b6b39fb82b5fab4613
  requires_dist:
  - typing-extensions>3.10.0.2
  - loguru ; extra == 'loguru'
  - mock ; extra == 'docs'
  - sphinx ; extra == 'docs'
  - python-utils ; extra == 'docs'
  - ruff ; extra == 'tests'
  - pyright ; extra == 'tests'
  - pytest ; extra == 'tests'
  - pytest-cov ; extra == 'tests'
  - pytest-mypy ; extra == 'tests'
  - pytest-asyncio ; extra == 'tests'
  - sphinx ; extra == 'tests'
  - types-setuptools ; extra == 'tests'
  - loguru ; extra == 'tests'
  - loguru-mypy ; extra == 'tests'
  - mypy-ipython ; extra == 'tests'
  - blessings ; extra == 'tests'
  requires_python: '>=3.9.0'
- conda: https://conda.anaconda.org/conda-forge/linux-64/readline-8.2-h8c095d6_2.conda
  sha256: 2d6d0c026902561ed77cd646b5021aef2d4db22e57a5b0178dfc669231e06d2c
  md5: 283b96675859b20a825f8fa30f311446
  depends:
  - libgcc >=13
  - ncurses >=6.5,<7.0a0
  license: GPL-3.0-only
  license_family: GPL
  purls: []
  size: 282480
  timestamp: 1740379431762
- pypi: https://files.pythonhosted.org/packages/1e/db/4254e3eabe8020b458f1a747140d32277ec7a271daf1d235b70dc0b4e6e3/requests-2.32.5-py3-none-any.whl
  name: requests
  version: 2.32.5
  sha256: 2462f94637a34fd532264295e186976db0f5d453d1cdd31473c85a6a161affb6
  requires_dist:
  - charset-normalizer>=2,<4
  - idna>=2.5,<4
  - urllib3>=1.21.1,<3
  - certifi>=2017.4.17
  - pysocks>=1.5.6,!=1.5.7 ; extra == 'socks'
  - chardet>=3.0.2,<6 ; extra == 'use-chardet-on-py3'
  requires_python: '>=3.9'
- conda: https://conda.anaconda.org/conda-forge/linux-64/tk-8.6.13-noxft_hd72426e_102.conda
  sha256: a84ff687119e6d8752346d1d408d5cf360dee0badd487a472aa8ddedfdc219e1
  md5: a0116df4f4ed05c303811a837d5b39d8
  depends:
  - __glibc >=2.17,<3.0.a0
  - libgcc >=13
  - libzlib >=1.3.1,<2.0a0
  license: TCL
  license_family: BSD
  purls: []
  size: 3285204
  timestamp: 1748387766691
- pypi: https://files.pythonhosted.org/packages/18/67/36e9267722cc04a6b9f15c7f3441c2363321a3ea07da7ae0c0707beb2a9c/typing_extensions-4.15.0-py3-none-any.whl
  name: typing-extensions
  version: 4.15.0
  sha256: f0fa19c6845758ab08074a0cfa8b7aecb71c999ca73d62883bc25cc018c4e548
  requires_python: '>=3.9'
- conda: https://conda.anaconda.org/conda-forge/noarch/tzdata-2025b-h78e105d_0.conda
  sha256: 5aaa366385d716557e365f0a4e9c3fca43ba196872abbbe3d56bb610d131e192
  md5: 4222072737ccff51314b5ece9c7d6f5a
  license: LicenseRef-Public-Domain
  purls: []
  size: 122968
  timestamp: 1742727099393
- pypi: https://files.pythonhosted.org/packages/a7/c2/fe1e52489ae3122415c51f387e221dd0773709bad6c6cdaa599e8a2c5185/urllib3-2.5.0-py3-none-any.whl
  name: urllib3
  version: 2.5.0
  sha256: e6b01673c0fa6a13e374b50871808eb3bf7046c4b125b216f6bf1cc604cff0dc
  requires_dist:
  - brotli>=1.0.9 ; platform_python_implementation == 'CPython' and extra == 'brotli'
  - brotlicffi>=0.8.0 ; platform_python_implementation != 'CPython' and extra == 'brotli'
  - h2>=4,<5 ; extra == 'h2'
  - pysocks>=1.5.6,!=1.5.7,<2.0 ; extra == 'socks'
  - zstandard>=0.18.0 ; extra == 'zstd'
  requires_python: '>=3.9'
- conda: https://conda.anaconda.org/conda-forge/linux-64/zstd-1.5.7-hb8e6e7a_2.conda
  sha256: a4166e3d8ff4e35932510aaff7aa90772f84b4d07e9f6f83c614cba7ceefe0eb
  md5: 6432cb5d4ac0046c3ac0a8a0f95842f9
  depends:
  - __glibc >=2.17,<3.0.a0
  - libgcc >=13
  - libstdcxx >=13
  - libzlib >=1.3.1,<2.0a0
  license: BSD-3-Clause
  license_family: BSD
  purls: []
  size: 567578
  timestamp: 1742433379869
